// !$*UTF8*$!
{
	archiveVersion = 1;
	classes = {
	};
	objectVersion = 46;
	objects = {

/* Begin PBXBuildFile section */
		9F3C55CC1D4D4948004AAE00 /* AppDelegate.swift in Sources */ = {isa = PBXBuildFile; fileRef = 9F3C55CB1D4D4948004AAE00 /* AppDelegate.swift */; };
		9F3C55D11D4D4948004AAE00 /* Main.storyboard in Resources */ = {isa = PBXBuildFile; fileRef = 9F3C55CF1D4D4948004AAE00 /* Main.storyboard */; };
		9F3C55D31D4D4948004AAE00 /* Assets.xcassets in Resources */ = {isa = PBXBuildFile; fileRef = 9F3C55D21D4D4948004AAE00 /* Assets.xcassets */; };
		9F3C55D61D4D4948004AAE00 /* LaunchScreen.storyboard in Resources */ = {isa = PBXBuildFile; fileRef = 9F3C55D41D4D4948004AAE00 /* LaunchScreen.storyboard */; };
		9F3C55E11D4D4948004AAE00 /* ThoughtsLoggerTests.swift in Sources */ = {isa = PBXBuildFile; fileRef = 9F3C55E01D4D4948004AAE00 /* ThoughtsLoggerTests.swift */; };
		9F8A4C201D58188200393296 /* ViewController.swift in Sources */ = {isa = PBXBuildFile; fileRef = 9F8A4C1F1D58188200393296 /* ViewController.swift */; };
/* End PBXBuildFile section */

/* Begin PBXContainerItemProxy section */
		9F3C55DD1D4D4948004AAE00 /* PBXContainerItemProxy */ = {
			isa = PBXContainerItemProxy;
			containerPortal = 9F3C55C01D4D4948004AAE00 /* Project object */;
			proxyType = 1;
			remoteGlobalIDString = 9F3C55C71D4D4948004AAE00;
			remoteInfo = ThoughtsLogger;
		};
/* End PBXContainerItemProxy section */

/* Begin PBXFileReference section */
		9F3C55C81D4D4948004AAE00 /* ThoughtsLogger.app */ = {isa = PBXFileReference; explicitFileType = wrapper.application; includeInIndex = 0; path = ThoughtsLogger.app; sourceTree = BUILT_PRODUCTS_DIR; };
		9F3C55CB1D4D4948004AAE00 /* AppDelegate.swift */ = {isa = PBXFileReference; lastKnownFileType = sourcecode.swift; path = AppDelegate.swift; sourceTree = "<group>"; };
		9F3C55D01D4D4948004AAE00 /* Base */ = {isa = PBXFileReference; lastKnownFileType = file.storyboard; name = Base; path = Base.lproj/Main.storyboard; sourceTree = "<group>"; };
		9F3C55D21D4D4948004AAE00 /* Assets.xcassets */ = {isa = PBXFileReference; lastKnownFileType = folder.assetcatalog; path = Assets.xcassets; sourceTree = "<group>"; };
		9F3C55D51D4D4948004AAE00 /* Base */ = {isa = PBXFileReference; lastKnownFileType = file.storyboard; name = Base; path = Base.lproj/LaunchScreen.storyboard; sourceTree = "<group>"; };
		9F3C55D71D4D4948004AAE00 /* Info.plist */ = {isa = PBXFileReference; lastKnownFileType = text.plist.xml; path = Info.plist; sourceTree = "<group>"; };
		9F3C55DC1D4D4948004AAE00 /* ThoughtsLoggerTests.xctest */ = {isa = PBXFileReference; explicitFileType = wrapper.cfbundle; includeInIndex = 0; path = ThoughtsLoggerTests.xctest; sourceTree = BUILT_PRODUCTS_DIR; };
		9F3C55E01D4D4948004AAE00 /* ThoughtsLoggerTests.swift */ = {isa = PBXFileReference; lastKnownFileType = sourcecode.swift; path = ThoughtsLoggerTests.swift; sourceTree = "<group>"; };
		9F3C55E21D4D4948004AAE00 /* Info.plist */ = {isa = PBXFileReference; lastKnownFileType = text.plist.xml; path = Info.plist; sourceTree = "<group>"; };
		9F8A4C1F1D58188200393296 /* ViewController.swift */ = {isa = PBXFileReference; fileEncoding = 4; lastKnownFileType = sourcecode.swift; path = ViewController.swift; sourceTree = "<group>"; };
/* End PBXFileReference section */

/* Begin PBXFrameworksBuildPhase section */
		9F3C55C51D4D4948004AAE00 /* Frameworks */ = {
			isa = PBXFrameworksBuildPhase;
			buildActionMask = 2147483647;
			files = (
			);
			runOnlyForDeploymentPostprocessing = 0;
		};
		9F3C55D91D4D4948004AAE00 /* Frameworks */ = {
			isa = PBXFrameworksBuildPhase;
			buildActionMask = 2147483647;
			files = (
			);
			runOnlyForDeploymentPostprocessing = 0;
		};
/* End PBXFrameworksBuildPhase section */

/* Begin PBXGroup section */
		9F3C55BF1D4D4948004AAE00 = {
			isa = PBXGroup;
			children = (
				9F3C55CA1D4D4948004AAE00 /* ThoughtsLogger */,
				9F3C55DF1D4D4948004AAE00 /* ThoughtsLoggerTests */,
				9F3C55C91D4D4948004AAE00 /* Products */,
			);
			sourceTree = "<group>";
		};
		9F3C55C91D4D4948004AAE00 /* Products */ = {
			isa = PBXGroup;
			children = (
				9F3C55C81D4D4948004AAE00 /* ThoughtsLogger.app */,
				9F3C55DC1D4D4948004AAE00 /* ThoughtsLoggerTests.xctest */,
			);
			name = Products;
			sourceTree = "<group>";
		};
		9F3C55CA1D4D4948004AAE00 /* ThoughtsLogger */ = {
			isa = PBXGroup;
			children = (
				9F8A4C1F1D58188200393296 /* ViewController.swift */,
				9F3C55CB1D4D4948004AAE00 /* AppDelegate.swift */,
				9F3C55CF1D4D4948004AAE00 /* Main.storyboard */,
				9F3C55D21D4D4948004AAE00 /* Assets.xcassets */,
				9F3C55D41D4D4948004AAE00 /* LaunchScreen.storyboard */,
				9F3C55D71D4D4948004AAE00 /* Info.plist */,
			);
			path = ThoughtsLogger;
			sourceTree = "<group>";
		};
		9F3C55DF1D4D4948004AAE00 /* ThoughtsLoggerTests */ = {
			isa = PBXGroup;
			children = (
				9F3C55E01D4D4948004AAE00 /* ThoughtsLoggerTests.swift */,
				9F3C55E21D4D4948004AAE00 /* Info.plist */,
			);
			path = ThoughtsLoggerTests;
			sourceTree = "<group>";
		};
/* End PBXGroup section */

/* Begin PBXNativeTarget section */
		9F3C55C71D4D4948004AAE00 /* ThoughtsLogger */ = {
			isa = PBXNativeTarget;
			buildConfigurationList = 9F3C55E51D4D4948004AAE00 /* Build configuration list for PBXNativeTarget "ThoughtsLogger" */;
			buildPhases = (
				9F3C55C41D4D4948004AAE00 /* Sources */,
				9F3C55C51D4D4948004AAE00 /* Frameworks */,
				9F3C55C61D4D4948004AAE00 /* Resources */,
			);
			buildRules = (
			);
			dependencies = (
			);
			name = ThoughtsLogger;
			productName = ThoughtsLogger;
			productReference = 9F3C55C81D4D4948004AAE00 /* ThoughtsLogger.app */;
			productType = "com.apple.product-type.application";
		};
		9F3C55DB1D4D4948004AAE00 /* ThoughtsLoggerTests */ = {
			isa = PBXNativeTarget;
			buildConfigurationList = 9F3C55E81D4D4948004AAE00 /* Build configuration list for PBXNativeTarget "ThoughtsLoggerTests" */;
			buildPhases = (
				9F3C55D81D4D4948004AAE00 /* Sources */,
				9F3C55D91D4D4948004AAE00 /* Frameworks */,
				9F3C55DA1D4D4948004AAE00 /* Resources */,
			);
			buildRules = (
			);
			dependencies = (
				9F3C55DE1D4D4948004AAE00 /* PBXTargetDependency */,
			);
			name = ThoughtsLoggerTests;
			productName = ThoughtsLoggerTests;
			productReference = 9F3C55DC1D4D4948004AAE00 /* ThoughtsLoggerTests.xctest */;
			productType = "com.apple.product-type.bundle.unit-test";
		};
/* End PBXNativeTarget section */

/* Begin PBXProject section */
		9F3C55C01D4D4948004AAE00 /* Project object */ = {
			isa = PBXProject;
			attributes = {
				LastSwiftUpdateCheck = 0730;
				LastUpgradeCheck = 0730;
				ORGANIZATIONNAME = "Nabil Baalbaki";
				TargetAttributes = {
					9F3C55C71D4D4948004AAE00 = {
						CreatedOnToolsVersion = 7.3.1;
						DevelopmentTeam = B47RBHPB46;
						LastSwiftMigration = 0800;
					};
					9F3C55DB1D4D4948004AAE00 = {
						CreatedOnToolsVersion = 7.3.1;
						LastSwiftMigration = 0800;
						TestTargetID = 9F3C55C71D4D4948004AAE00;
					};
				};
			};
			buildConfigurationList = 9F3C55C31D4D4948004AAE00 /* Build configuration list for PBXProject "ThoughtsLogger" */;
			compatibilityVersion = "Xcode 3.2";
			developmentRegion = English;
			hasScannedForEncodings = 0;
			knownRegions = (
				en,
				Base,
			);
			mainGroup = 9F3C55BF1D4D4948004AAE00;
			productRefGroup = 9F3C55C91D4D4948004AAE00 /* Products */;
			projectDirPath = "";
			projectRoot = "";
			targets = (
				9F3C55C71D4D4948004AAE00 /* ThoughtsLogger */,
				9F3C55DB1D4D4948004AAE00 /* ThoughtsLoggerTests */,
			);
		};
/* End PBXProject section */

/* Begin PBXResourcesBuildPhase section */
		9F3C55C61D4D4948004AAE00 /* Resources */ = {
			isa = PBXResourcesBuildPhase;
			buildActionMask = 2147483647;
			files = (
				9F3C55D61D4D4948004AAE00 /* LaunchScreen.storyboard in Resources */,
				9F3C55D31D4D4948004AAE00 /* Assets.xcassets in Resources */,
				9F3C55D11D4D4948004AAE00 /* Main.storyboard in Resources */,
			);
			runOnlyForDeploymentPostprocessing = 0;
		};
		9F3C55DA1D4D4948004AAE00 /* Resources */ = {
			isa = PBXResourcesBuildPhase;
			buildActionMask = 2147483647;
			files = (
			);
			runOnlyForDeploymentPostprocessing = 0;
		};
/* End PBXResourcesBuildPhase section */

/* Begin PBXSourcesBuildPhase section */
		9F3C55C41D4D4948004AAE00 /* Sources */ = {
			isa = PBXSourcesBuildPhase;
			buildActionMask = 2147483647;
			files = (
				9F8A4C201D58188200393296 /* ViewController.swift in Sources */,
				9F3C55CC1D4D4948004AAE00 /* AppDelegate.swift in Sources */,
			);
			runOnlyForDeploymentPostprocessing = 0;
		};
		9F3C55D81D4D4948004AAE00 /* Sources */ = {
			isa = PBXSourcesBuildPhase;
			buildActionMask = 2147483647;
			files = (
				9F3C55E11D4D4948004AAE00 /* ThoughtsLoggerTests.swift in Sources */,
			);
			runOnlyForDeploymentPostprocessing = 0;
		};
/* End PBXSourcesBuildPhase section */

/* Begin PBXTargetDependency section */
		9F3C55DE1D4D4948004AAE00 /* PBXTargetDependency */ = {
			isa = PBXTargetDependency;
			target = 9F3C55C71D4D4948004AAE00 /* ThoughtsLogger */;
			targetProxy = 9F3C55DD1D4D4948004AAE00 /* PBXContainerItemProxy */;
		};
/* End PBXTargetDependency section */

/* Begin PBXVariantGroup section */
		9F3C55CF1D4D4948004AAE00 /* Main.storyboard */ = {
			isa = PBXVariantGroup;
			children = (
				9F3C55D01D4D4948004AAE00 /* Base */,
			);
			name = Main.storyboard;
			sourceTree = "<group>";
		};
		9F3C55D41D4D4948004AAE00 /* LaunchScreen.storyboard */ = {
			isa = PBXVariantGroup;
			children = (
				9F3C55D51D4D4948004AAE00 /* Base */,
			);
			name = LaunchScreen.storyboard;
			sourceTree = "<group>";
		};
/* End PBXVariantGroup section */

/* Begin XCBuildConfiguration section */
		9F3C55E31D4D4948004AAE00 /* Debug */ = {
			isa = XCBuildConfiguration;
			buildSettings = {
				ALWAYS_SEARCH_USER_PATHS = NO;
				CLANG_ANALYZER_NONNULL = YES;
				CLANG_CXX_LANGUAGE_STANDARD = "gnu++0x";
				CLANG_CXX_LIBRARY = "libc++";
				CLANG_ENABLE_MODULES = YES;
				CLANG_ENABLE_OBJC_ARC = YES;
				CLANG_WARN_BOOL_CONVERSION = YES;
				CLANG_WARN_CONSTANT_CONVERSION = YES;
				CLANG_WARN_DIRECT_OBJC_ISA_USAGE = YES_ERROR;
				CLANG_WARN_EMPTY_BODY = YES;
				CLANG_WARN_ENUM_CONVERSION = YES;
				CLANG_WARN_INT_CONVERSION = YES;
				CLANG_WARN_OBJC_ROOT_CLASS = YES_ERROR;
				CLANG_WARN_UNREACHABLE_CODE = YES;
				CLANG_WARN__DUPLICATE_METHOD_MATCH = YES;
				"CODE_SIGN_IDENTITY[sdk=iphoneos*]" = "iPhone Developer";
				COPY_PHASE_STRIP = NO;
				DEBUG_INFORMATION_FORMAT = dwarf;
				ENABLE_STRICT_OBJC_MSGSEND = YES;
				ENABLE_TESTABILITY = YES;
				GCC_C_LANGUAGE_STANDARD = gnu99;
				GCC_DYNAMIC_NO_PIC = NO;
				GCC_NO_COMMON_BLOCKS = YES;
				GCC_OPTIMIZATION_LEVEL = 0;
				GCC_PREPROCESSOR_DEFINITIONS = (
					"DEBUG=1",
					"$(inherited)",
				);
				GCC_WARN_64_TO_32_BIT_CONVERSION = YES;
				GCC_WARN_ABOUT_RETURN_TYPE = YES_ERROR;
				GCC_WARN_UNDECLARED_SELECTOR = YES;
				GCC_WARN_UNINITIALIZED_AUTOS = YES_AGGRESSIVE;
				GCC_WARN_UNUSED_FUNCTION = YES;
				GCC_WARN_UNUSED_VARIABLE = YES;
				IPHONEOS_DEPLOYMENT_TARGET = 9.3;
				MTL_ENABLE_DEBUG_INFO = YES;
				ONLY_ACTIVE_ARCH = YES;
				SDKROOT = iphoneos;
				SWIFT_OPTIMIZATION_LEVEL = "-Onone";
				TARGETED_DEVICE_FAMILY = "1,2";
			};
			name = Debug;
		};
		9F3C55E41D4D4948004AAE00 /* Release */ = {
			isa = XCBuildConfiguration;
			buildSettings = {
				ALWAYS_SEARCH_USER_PATHS = NO;
				CLANG_ANALYZER_NONNULL = YES;
				CLANG_CXX_LANGUAGE_STANDARD = "gnu++0x";
				CLANG_CXX_LIBRARY = "libc++";
				CLANG_ENABLE_MODULES = YES;
				CLANG_ENABLE_OBJC_ARC = YES;
				CLANG_WARN_BOOL_CONVERSION = YES;
				CLANG_WARN_CONSTANT_CONVERSION = YES;
				CLANG_WARN_DIRECT_OBJC_ISA_USAGE = YES_ERROR;
				CLANG_WARN_EMPTY_BODY = YES;
				CLANG_WARN_ENUM_CONVERSION = YES;
				CLANG_WARN_INT_CONVERSION = YES;
				CLANG_WARN_OBJC_ROOT_CLASS = YES_ERROR;
				CLANG_WARN_UNREACHABLE_CODE = YES;
				CLANG_WARN__DUPLICATE_METHOD_MATCH = YES;
				"CODE_SIGN_IDENTITY[sdk=iphoneos*]" = "iPhone Developer";
				COPY_PHASE_STRIP = NO;
				DEBUG_INFORMATION_FORMAT = "dwarf-with-dsym";
				ENABLE_NS_ASSERTIONS = NO;
				ENABLE_STRICT_OBJC_MSGSEND = YES;
				GCC_C_LANGUAGE_STANDARD = gnu99;
				GCC_NO_COMMON_BLOCKS = YES;
				GCC_WARN_64_TO_32_BIT_CONVERSION = YES;
				GCC_WARN_ABOUT_RETURN_TYPE = YES_ERROR;
				GCC_WARN_UNDECLARED_SELECTOR = YES;
				GCC_WARN_UNINITIALIZED_AUTOS = YES_AGGRESSIVE;
				GCC_WARN_UNUSED_FUNCTION = YES;
				GCC_WARN_UNUSED_VARIABLE = YES;
				IPHONEOS_DEPLOYMENT_TARGET = 9.3;
				MTL_ENABLE_DEBUG_INFO = NO;
				SDKROOT = iphoneos;
				TARGETED_DEVICE_FAMILY = "1,2";
				VALIDATE_PRODUCT = YES;
			};
			name = Release;
		};
		9F3C55E61D4D4948004AAE00 /* Debug */ = {
			isa = XCBuildConfiguration;
			buildSettings = {
				ASSETCATALOG_COMPILER_APPICON_NAME = AppIcon;
				CODE_SIGN_IDENTITY = "iPhone Developer";
				"CODE_SIGN_IDENTITY[sdk=iphoneos*]" = "iPhone Developer";
				INFOPLIST_FILE = ThoughtsLogger/Info.plist;
				LD_RUNPATH_SEARCH_PATHS = "$(inherited) @executable_path/Frameworks";
				PRODUCT_BUNDLE_IDENTIFIER = "com.cpu-meltdown.ThoughtsLogger";
				PRODUCT_NAME = "$(TARGET_NAME)";
				PROVISIONING_PROFILE = "";
				SWIFT_VERSION = 3.0;
			};
			name = Debug;
		};
		9F3C55E71D4D4948004AAE00 /* Release */ = {
			isa = XCBuildConfiguration;
			buildSettings = {
				ASSETCATALOG_COMPILER_APPICON_NAME = AppIcon;
				CODE_SIGN_IDENTITY = "iPhone Developer";
				"CODE_SIGN_IDENTITY[sdk=iphoneos*]" = "iPhone Developer";
				INFOPLIST_FILE = ThoughtsLogger/Info.plist;
				LD_RUNPATH_SEARCH_PATHS = "$(inherited) @executable_path/Frameworks";
				PRODUCT_BUNDLE_IDENTIFIER = "com.cpu-meltdown.ThoughtsLogger";
				PRODUCT_NAME = "$(TARGET_NAME)";
				PROVISIONING_PROFILE = "";
				SWIFT_VERSION = 3.0;
			};
			name = Release;
		};
		9F3C55E91D4D4948004AAE00 /* Debug */ = {
			isa = XCBuildConfiguration;
			buildSettings = {
				BUNDLE_LOADER = "$(TEST_HOST)";
				INFOPLIST_FILE = ThoughtsLoggerTests/Info.plist;
				LD_RUNPATH_SEARCH_PATHS = "$(inherited) @executable_path/Frameworks @loader_path/Frameworks";
				PRODUCT_BUNDLE_IDENTIFIER = "com.cpu-meltdown.ThoughtsLoggerTests";
				PRODUCT_NAME = "$(TARGET_NAME)";
				SWIFT_VERSION = 3.0;
				TEST_HOST = "$(BUILT_PRODUCTS_DIR)/ThoughtsLogger.app/ThoughtsLogger";
			};
			name = Debug;
		};
		9F3C55EA1D4D4948004AAE00 /* Release */ = {
			isa = XCBuildConfiguration;
			buildSettings = {
				BUNDLE_LOADER = "$(TEST_HOST)";
				INFOPLIST_FILE = ThoughtsLoggerTests/Info.plist;
				LD_RUNPATH_SEARCH_PATHS = "$(inherited) @executable_path/Frameworks @loader_path/Frameworks";
				PRODUCT_BUNDLE_IDENTIFIER = "com.cpu-meltdown.ThoughtsLoggerTests";
				PRODUCT_NAME = "$(TARGET_NAME)";
				SWIFT_VERSION = 3.0;
				TEST_HOST = "$(BUILT_PRODUCTS_DIR)/ThoughtsLogger.app/ThoughtsLogger";
			};
			name = Release;
		};
/* End XCBuildConfiguration section */

/* Begin XCConfigurationList section */
		9F3C55C31D4D4948004AAE00 /* Build configuration list for PBXProject "ThoughtsLogger" */ = {
			isa = XCConfigurationList;
			buildConfigurations = (
				9F3C55E31D4D4948004AAE00 /* Debug */,
				9F3C55E41D4D4948004AAE00 /* Release */,
			);
			defaultConfigurationIsVisible = 0;
			defaultConfigurationName = Release;
		};
		9F3C55E51D4D4948004AAE00 /* Build configuration list for PBXNativeTarget "ThoughtsLogger" */ = {
			isa = XCConfigurationList;
			buildConfigurations = (
				9F3C55E61D4D4948004AAE00 /* Debug */,
				9F3C55E71D4D4948004AAE00 /* Release */,
			);
			defaultConfigurationIsVisible = 0;
			defaultConfigurationName = Release;
		};
		9F3C55E81D4D4948004AAE00 /* Build configuration list for PBXNativeTarget "ThoughtsLoggerTests" */ = {
			isa = XCConfigurationList;
			buildConfigurations = (
				9F3C55E91D4D4948004AAE00 /* Debug */,
				9F3C55EA1D4D4948004AAE00 /* Release */,
			);
			defaultConfigurationIsVisible = 0;
			defaultConfigurationName = Release;
		};
/* End XCConfigurationList section */
	};
	rootObject = 9F3C55C01D4D4948004AAE00 /* Project object */;
}
